
Microsoft Visual Studio Solution File, Format Version 12.00
# Visual Studio Version 17
VisualStudioVersion = 17.14.36414.22 d17.14
MinimumVisualStudioVersion = 10.0.40219.1
Project("{FAE04EC0-301F-11D3-BF4B-00C04F79EFBC}") = "Micro-project 1 - tell your story", "Micro-project 1 - tell your story.csproj", "{5150016F-38A4-4253-B2ED-6822EBBC3C56}"
EndProject
Global
	GlobalSection(SolutionConfigurationPlatforms) = preSolution
		Debug|Any CPU = Debug|Any CPU
		Release|Any CPU = Release|Any CPU
	EndGlobalSection
	GlobalSection(ProjectConfigurationPlatforms) = postSolution
		{5150016F-38A4-4253-B2ED-6822EBBC3C56}.Debug|Any CPU.ActiveCfg = Debug|Any CPU
		{5150016F-38A4-4253-B2ED-6822EBBC3C56}.Debug|Any CPU.Build.0 = Debug|Any CPU
		{5150016F-38A4-4253-B2ED-6822EBBC3C56}.Release|Any CPU.ActiveCfg = Release|Any CPU
		{5150016F-38A4-4253-B2ED-6822EBBC3C56}.Release|Any CPU.Build.0 = Release|Any CPU
	EndGlobalSection
	GlobalSection(SolutionProperties) = preSolution
		HideSolutionNode = FALSE
	EndGlobalSection
	GlobalSection(ExtensibilityGlobals) = postSolution
		SolutionGuid = {31899180-9A52-47F9-8C71-3677D99AFD7E}
	EndGlobalSection
EndGlobal
